
Microsoft Visual Studio Solution File, Format Version 12.00
# Visual Studio 14
VisualStudioVersion = 14.0.25420.1
MinimumVisualStudioVersion = 10.0.40219.1
Project("{2150E333-8FDC-42A3-9474-1A3956D46DE8}") = "src", "src", "{EA50EE95-CDF1-4E83-83A0-F6BD77458941}"
EndProject
Project("{2150E333-8FDC-42A3-9474-1A3956D46DE8}") = "Solution Items", "Solution Items", "{07CABF08-50FD-40D6-B5AC-A7B699322E13}"
	ProjectSection(SolutionItems) = preProject
		global.json = global.json
	EndProjectSection
EndProject
Project("{8BB2217D-0F2D-49D1-97BC-3654ED321F3B}") = "Asp.Net.Sample", "src\Asp.Net.Sample\Asp.Net.Sample.xproj", "{4FBC5022-1D6F-42B3-9B81-2C48D0AAF689}"
EndProject
Global
	GlobalSection(SolutionConfigurationPlatforms) = preSolution
		Debug|Any CPU = Debug|Any CPU
		Release|Any CPU = Release|Any CPU
	EndGlobalSection
	GlobalSection(ProjectConfigurationPlatforms) = postSolution
		{4FBC5022-1D6F-42B3-9B81-2C48D0AAF689}.Debug|Any CPU.ActiveCfg = Debug|Any CPU
		{4FBC5022-1D6F-42B3-9B81-2C48D0AAF689}.Debug|Any CPU.Build.0 = Debug|Any CPU
		{4FBC5022-1D6F-42B3-9B81-2C48D0AAF689}.Release|Any CPU.ActiveCfg = Release|Any CPU
		{4FBC5022-1D6F-42B3-9B81-2C48D0AAF689}.Release|Any CPU.Build.0 = Release|Any CPU
	EndGlobalSection
	GlobalSection(SolutionProperties) = preSolution
		HideSolutionNode = FALSE
	EndGlobalSection
	GlobalSection(NestedProjects) = preSolution
		{4FBC5022-1D6F-42B3-9B81-2C48D0AAF689} = {EA50EE95-CDF1-4E83-83A0-F6BD77458941}
	EndGlobalSection
EndGlobal
