
Microsoft Visual Studio Solution File, Format Version 12.00
# Visual Studio 14
VisualStudioVersion = 14.0.25420.1
MinimumVisualStudioVersion = 10.0.40219.1
Project("{2150E333-8FDC-42A3-9474-1A3956D46DE8}") = "src", "src", "{0DE59585-AAD6-4375-8BAF-CEFA58C65D3F}"
EndProject
Project("{2150E333-8FDC-42A3-9474-1A3956D46DE8}") = "Solution Items", "Solution Items", "{C8BB3C66-B7E8-4D34-949C-5087F53CD273}"
	ProjectSection(SolutionItems) = preProject
		global.json = global.json
	EndProjectSection
EndProject
Project("{8BB2217D-0F2D-49D1-97BC-3654ED321F3B}") = "Comptech.Backend.Service", "src\Comptech.Backend.Service\Comptech.Backend.Service.xproj", "{FE226C11-2F0C-495F-B3F9-68DC06F3DB93}"
EndProject
Project("{8BB2217D-0F2D-49D1-97BC-3654ED321F3B}") = "Comptech.Backend.Data", "src\Comptech.Backend.Data\Comptech.Backend.Data.xproj", "{CFF62C92-8988-4E4A-8BEB-B8D691068410}"
EndProject
Project("{8BB2217D-0F2D-49D1-97BC-3654ED321F3B}") = "Comptech.Backend.DirtyTest", "src\Comptech.Backend.DirtyTest\Comptech.Backend.DirtyTest.xproj", "{E1334A1E-B2C6-40AC-9451-80679B09066D}"
EndProject
Global
	GlobalSection(SolutionConfigurationPlatforms) = preSolution
		Debug|Any CPU = Debug|Any CPU
		Release|Any CPU = Release|Any CPU
	EndGlobalSection
	GlobalSection(ProjectConfigurationPlatforms) = postSolution
		{FE226C11-2F0C-495F-B3F9-68DC06F3DB93}.Debug|Any CPU.ActiveCfg = Debug|Any CPU
		{FE226C11-2F0C-495F-B3F9-68DC06F3DB93}.Debug|Any CPU.Build.0 = Debug|Any CPU
		{FE226C11-2F0C-495F-B3F9-68DC06F3DB93}.Release|Any CPU.ActiveCfg = Release|Any CPU
		{FE226C11-2F0C-495F-B3F9-68DC06F3DB93}.Release|Any CPU.Build.0 = Release|Any CPU
		{CFF62C92-8988-4E4A-8BEB-B8D691068410}.Debug|Any CPU.ActiveCfg = Debug|Any CPU
		{CFF62C92-8988-4E4A-8BEB-B8D691068410}.Debug|Any CPU.Build.0 = Debug|Any CPU
		{CFF62C92-8988-4E4A-8BEB-B8D691068410}.Release|Any CPU.ActiveCfg = Release|Any CPU
		{CFF62C92-8988-4E4A-8BEB-B8D691068410}.Release|Any CPU.Build.0 = Release|Any CPU
		{E1334A1E-B2C6-40AC-9451-80679B09066D}.Debug|Any CPU.ActiveCfg = Debug|Any CPU
		{E1334A1E-B2C6-40AC-9451-80679B09066D}.Debug|Any CPU.Build.0 = Debug|Any CPU
		{E1334A1E-B2C6-40AC-9451-80679B09066D}.Release|Any CPU.ActiveCfg = Release|Any CPU
		{E1334A1E-B2C6-40AC-9451-80679B09066D}.Release|Any CPU.Build.0 = Release|Any CPU
	EndGlobalSection
	GlobalSection(SolutionProperties) = preSolution
		HideSolutionNode = FALSE
	EndGlobalSection
	GlobalSection(NestedProjects) = preSolution
		{FE226C11-2F0C-495F-B3F9-68DC06F3DB93} = {0DE59585-AAD6-4375-8BAF-CEFA58C65D3F}
		{CFF62C92-8988-4E4A-8BEB-B8D691068410} = {0DE59585-AAD6-4375-8BAF-CEFA58C65D3F}
		{E1334A1E-B2C6-40AC-9451-80679B09066D} = {0DE59585-AAD6-4375-8BAF-CEFA58C65D3F}
	EndGlobalSection
EndGlobal
